
Microsoft Visual Studio Solution File, Format Version 12.00
# Visual Studio Version 17
VisualStudioVersion = 17.13.35806.99 d17.13
MinimumVisualStudioVersion = 10.0.40219.1
Project("{FAE04EC0-301F-11D3-BF4B-00C04F79EFBC}") = "224LTC_OOP", "224LTC_OOP\224LTC_OOP.csproj", "{2EAF16D2-01AF-4391-8306-7E9DD38868B0}"
EndProject
Global
	GlobalSection(SolutionConfigurationPlatforms) = preSolution
		Debug|Any CPU = Debug|Any CPU
		Release|Any CPU = Release|Any CPU
	EndGlobalSection
	GlobalSection(ProjectConfigurationPlatforms) = postSolution
		{2EAF16D2-01AF-4391-8306-7E9DD38868B0}.Debug|Any CPU.ActiveCfg = Debug|Any CPU
		{2EAF16D2-01AF-4391-8306-7E9DD38868B0}.Debug|Any CPU.Build.0 = Debug|Any CPU
		{2EAF16D2-01AF-4391-8306-7E9DD38868B0}.Release|Any CPU.ActiveCfg = Release|Any CPU
		{2EAF16D2-01AF-4391-8306-7E9DD38868B0}.Release|Any CPU.Build.0 = Release|Any CPU
	EndGlobalSection
	GlobalSection(SolutionProperties) = preSolution
		HideSolutionNode = FALSE
	EndGlobalSection
	GlobalSection(ExtensibilityGlobals) = postSolution
		SolutionGuid = {4924934D-54F7-4009-A693-A89F5781356B}
	EndGlobalSection
EndGlobal
